// !$*UTF8*$!
{
	archiveVersion = 1;
	classes = {
	};
	objectVersion = 46;
	objects = {

/* Begin PBXBuildFile section */
		41AD08791F28D45C00354D00 /* AppDelegate.swift in Sources */ = {isa = PBXBuildFile; fileRef = 41AD08781F28D45C00354D00 /* AppDelegate.swift */; };
		41AD087B1F28D45C00354D00 /* ViewController.swift in Sources */ = {isa = PBXBuildFile; fileRef = 41AD087A1F28D45C00354D00 /* ViewController.swift */; };
		41AD087E1F28D45C00354D00 /* Main.storyboard in Resources */ = {isa = PBXBuildFile; fileRef = 41AD087C1F28D45C00354D00 /* Main.storyboard */; };
		41AD08801F28D45C00354D00 /* Assets.xcassets in Resources */ = {isa = PBXBuildFile; fileRef = 41AD087F1F28D45C00354D00 /* Assets.xcassets */; };
		41AD08831F28D45C00354D00 /* LaunchScreen.storyboard in Resources */ = {isa = PBXBuildFile; fileRef = 41AD08811F28D45C00354D00 /* LaunchScreen.storyboard */; };
/* End PBXBuildFile section */

/* Begin PBXFileReference section */
		41AD08751F28D45C00354D00 /* Food Snap.app */ = {isa = PBXFileReference; explicitFileType = wrapper.application; includeInIndex = 0; path = "Food Snap.app"; sourceTree = BUILT_PRODUCTS_DIR; };
		41AD08781F28D45C00354D00 /* AppDelegate.swift */ = {isa = PBXFileReference; lastKnownFileType = sourcecode.swift; path = AppDelegate.swift; sourceTree = "<group>"; };
		41AD087A1F28D45C00354D00 /* ViewController.swift */ = {isa = PBXFileReference; lastKnownFileType = sourcecode.swift; path = ViewController.swift; sourceTree = "<group>"; };
		41AD087D1F28D45C00354D00 /* Base */ = {isa = PBXFileReference; lastKnownFileType = file.storyboard; name = Base; path = Base.lproj/Main.storyboard; sourceTree = "<group>"; };
		41AD087F1F28D45C00354D00 /* Assets.xcassets */ = {isa = PBXFileReference; lastKnownFileType = folder.assetcatalog; path = Assets.xcassets; sourceTree = "<group>"; };
		41AD08821F28D45C00354D00 /* Base */ = {isa = PBXFileReference; lastKnownFileType = file.storyboard; name = Base; path = Base.lproj/LaunchScreen.storyboard; sourceTree = "<group>"; };
		41AD08841F28D45C00354D00 /* Info.plist */ = {isa = PBXFileReference; lastKnownFileType = text.plist.xml; path = Info.plist; sourceTree = "<group>"; };
/* End PBXFileReference section */

/* Begin PBXFrameworksBuildPhase section */
		41AD08721F28D45B00354D00 /* Frameworks */ = {
			isa = PBXFrameworksBuildPhase;
			buildActionMask = 2147483647;
			files = (
			);
			runOnlyForDeploymentPostprocessing = 0;
		};
/* End PBXFrameworksBuildPhase section */

/* Begin PBXGroup section */
		41AD086C1F28D45B00354D00 = {
			isa = PBXGroup;
			children = (
				41AD08771F28D45C00354D00 /* Food Snap */,
				41AD08761F28D45C00354D00 /* Products */,
			);
			sourceTree = "<group>";
		};
		41AD08761F28D45C00354D00 /* Products */ = {
			isa = PBXGroup;
			children = (
				41AD08751F28D45C00354D00 /* Food Snap.app */,
			);
			name = Products;
			sourceTree = "<group>";
		};
		41AD08771F28D45C00354D00 /* Food Snap */ = {
			isa = PBXGroup;
			children = (
				41AD08781F28D45C00354D00 /* AppDelegate.swift */,
				41AD087A1F28D45C00354D00 /* ViewController.swift */,
				41AD087C1F28D45C00354D00 /* Main.storyboard */,
				41AD087F1F28D45C00354D00 /* Assets.xcassets */,
				41AD08811F28D45C00354D00 /* LaunchScreen.storyboard */,
				41AD08841F28D45C00354D00 /* Info.plist */,
			);
			path = "Food Snap";
			sourceTree = "<group>";
		};
/* End PBXGroup section */

/* Begin PBXNativeTarget section */
		41AD08741F28D45B00354D00 /* Food Snap */ = {
			isa = PBXNativeTarget;
			buildConfigurationList = 41AD08871F28D45C00354D00 /* Build configuration list for PBXNativeTarget "Food Snap" */;
			buildPhases = (
				41AD08711F28D45B00354D00 /* Sources */,
				41AD08721F28D45B00354D00 /* Frameworks */,
				41AD08731F28D45B00354D00 /* Resources */,
			);
			buildRules = (
			);
			dependencies = (
			);
			name = "Food Snap";
			productName = "Food Snap";
			productReference = 41AD08751F28D45C00354D00 /* Food Snap.app */;
			productType = "com.apple.product-type.application";
		};
/* End PBXNativeTarget section */

/* Begin PBXProject section */
		41AD086D1F28D45B00354D00 /* Project object */ = {
			isa = PBXProject;
			attributes = {
				LastSwiftUpdateCheck = 0830;
				LastUpgradeCheck = 0830;
				ORGANIZATIONNAME = Idiots;
				TargetAttributes = {
					41AD08741F28D45B00354D00 = {
						CreatedOnToolsVersion = 8.3.3;
						DevelopmentTeam = GZN289VFL5;
						ProvisioningStyle = Automatic;
					};
				};
			};
			buildConfigurationList = 41AD08701F28D45B00354D00 /* Build configuration list for PBXProject "Food Snap" */;
			compatibilityVersion = "Xcode 3.2";
			developmentRegion = English;
			hasScannedForEncodings = 0;
			knownRegions = (
				en,
				Base,
			);
			mainGroup = 41AD086C1F28D45B00354D00;
			productRefGroup = 41AD08761F28D45C00354D00 /* Products */;
			projectDirPath = "";
			projectRoot = "";
			targets = (
				41AD08741F28D45B00354D00 /* Food Snap */,
			);
		};
/* End PBXProject section */

/* Begin PBXResourcesBuildPhase section */
		41AD08731F28D45B00354D00 /* Resources */ = {
			isa = PBXResourcesBuildPhase;
			buildActionMask = 2147483647;
			files = (
				41AD08831F28D45C00354D00 /* LaunchScreen.storyboard in Resources */,
				41AD08801F28D45C00354D00 /* Assets.xcassets in Resources */,
				41AD087E1F28D45C00354D00 /* Main.storyboard in Resources */,
			);
			runOnlyForDeploymentPostprocessing = 0;
		};
/* End PBXResourcesBuildPhase section */

/* Begin PBXSourcesBuildPhase section */
		41AD08711F28D45B00354D00 /* Sources */ = {
			isa = PBXSourcesBuildPhase;
			buildActionMask = 2147483647;
			files = (
				41AD087B1F28D45C00354D00 /* ViewController.swift in Sources */,
				41AD08791F28D45C00354D00 /* AppDelegate.swift in Sources */,
			);
			runOnlyForDeploymentPostprocessing = 0;
		};
/* End PBXSourcesBuildPhase section */

/* Begin PBXVariantGroup section */
		41AD087C1F28D45C00354D00 /* Main.storyboard */ = {
			isa = PBXVariantGroup;
			children = (
				41AD087D1F28D45C00354D00 /* Base */,
			);
			name = Main.storyboard;
			sourceTree = "<group>";
		};
		41AD08811F28D45C00354D00 /* LaunchScreen.storyboard */ = {
			isa = PBXVariantGroup;
			children = (
				41AD08821F28D45C00354D00 /* Base */,
			);
			name = LaunchScreen.storyboard;
			sourceTree = "<group>";
		};
/* End PBXVariantGroup section */

/* Begin XCBuildConfiguration section */
		41AD08851F28D45C00354D00 /* Debug */ = {
			isa = XCBuildConfiguration;
			buildSettings = {
				ALWAYS_SEARCH_USER_PATHS = NO;
				CLANG_ANALYZER_NONNULL = YES;
				CLANG_ANALYZER_NUMBER_OBJECT_CONVERSION = YES_AGGRESSIVE;
				CLANG_CXX_LANGUAGE_STANDARD = "gnu++0x";
				CLANG_CXX_LIBRARY = "libc++";
				CLANG_ENABLE_MODULES = YES;
				CLANG_ENABLE_OBJC_ARC = YES;
				CLANG_WARN_BOOL_CONVERSION = YES;
				CLANG_WARN_CONSTANT_CONVERSION = YES;
				CLANG_WARN_DIRECT_OBJC_ISA_USAGE = YES_ERROR;
				CLANG_WARN_DOCUMENTATION_COMMENTS = YES;
				CLANG_WARN_EMPTY_BODY = YES;
				CLANG_WARN_ENUM_CONVERSION = YES;
				CLANG_WARN_INFINITE_RECURSION = YES;
				CLANG_WARN_INT_CONVERSION = YES;
				CLANG_WARN_OBJC_ROOT_CLASS = YES_ERROR;
				CLANG_WARN_SUSPICIOUS_MOVE = YES;
				CLANG_WARN_UNREACHABLE_CODE = YES;
				CLANG_WARN__DUPLICATE_METHOD_MATCH = YES;
				"CODE_SIGN_IDENTITY[sdk=iphoneos*]" = "iPhone Developer";
				COPY_PHASE_STRIP = NO;
				DEBUG_INFORMATION_FORMAT = dwarf;
				ENABLE_STRICT_OBJC_MSGSEND = YES;
				ENABLE_TESTABILITY = YES;
				GCC_C_LANGUAGE_STANDARD = gnu99;
				GCC_DYNAMIC_NO_PIC = NO;
				GCC_NO_COMMON_BLOCKS = YES;
				GCC_OPTIMIZATION_LEVEL = 0;
				GCC_PREPROCESSOR_DEFINITIONS = (
					"DEBUG=1",
					"$(inherited)",
				);
				GCC_WARN_64_TO_32_BIT_CONVERSION = YES;
				GCC_WARN_ABOUT_RETURN_TYPE = YES_ERROR;
				GCC_WARN_UNDECLARED_SELECTOR = YES;
				GCC_WARN_UNINITIALIZED_AUTOS = YES_AGGRESSIVE;
				GCC_WARN_UNUSED_FUNCTION = YES;
				GCC_WARN_UNUSED_VARIABLE = YES;
				IPHONEOS_DEPLOYMENT_TARGET = 10.3;
				MTL_ENABLE_DEBUG_INFO = YES;
				ONLY_ACTIVE_ARCH = YES;
				SDKROOT = iphoneos;
				SWIFT_ACTIVE_COMPILATION_CONDITIONS = DEBUG;
				SWIFT_OPTIMIZATION_LEVEL = "-Onone";
			};
			name = Debug;
		};
		41AD08861F28D45C00354D00 /* Release */ = {
			isa = XCBuildConfiguration;
			buildSettings = {
				ALWAYS_SEARCH_USER_PATHS = NO;
				CLANG_ANALYZER_NONNULL = YES;
				CLANG_ANALYZER_NUMBER_OBJECT_CONVERSION = YES_AGGRESSIVE;
				CLANG_CXX_LANGUAGE_STANDARD = "gnu++0x";
				CLANG_CXX_LIBRARY = "libc++";
				CLANG_ENABLE_MODULES = YES;
				CLANG_ENABLE_OBJC_ARC = YES;
				CLANG_WARN_BOOL_CONVERSION = YES;
				CLANG_WARN_CONSTANT_CONVERSION = YES;
				CLANG_WARN_DIRECT_OBJC_ISA_USAGE = YES_ERROR;
				CLANG_WARN_DOCUMENTATION_COMMENTS = YES;
				CLANG_WARN_EMPTY_BODY = YES;
				CLANG_WARN_ENUM_CONVERSION = YES;
				CLANG_WARN_INFINITE_RECURSION = YES;
				CLANG_WARN_INT_CONVERSION = YES;
				CLANG_WARN_OBJC_ROOT_CLASS = YES_ERROR;
				CLANG_WARN_SUSPICIOUS_MOVE = YES;
				CLANG_WARN_UNREACHABLE_CODE = YES;
				CLANG_WARN__DUPLICATE_METHOD_MATCH = YES;
				"CODE_SIGN_IDENTITY[sdk=iphoneos*]" = "iPhone Developer";
				COPY_PHASE_STRIP = NO;
				DEBUG_INFORMATION_FORMAT = "dwarf-with-dsym";
				ENABLE_NS_ASSERTIONS = NO;
				ENABLE_STRICT_OBJC_MSGSEND = YES;
				GCC_C_LANGUAGE_STANDARD = gnu99;
				GCC_NO_COMMON_BLOCKS = YES;
				GCC_WARN_64_TO_32_BIT_CONVERSION = YES;
				GCC_WARN_ABOUT_RETURN_TYPE = YES_ERROR;
				GCC_WARN_UNDECLARED_SELECTOR = YES;
				GCC_WARN_UNINITIALIZED_AUTOS = YES_AGGRESSIVE;
				GCC_WARN_UNUSED_FUNCTION = YES;
				GCC_WARN_UNUSED_VARIABLE = YES;
				IPHONEOS_DEPLOYMENT_TARGET = 10.3;
				MTL_ENABLE_DEBUG_INFO = NO;
				SDKROOT = iphoneos;
				SWIFT_OPTIMIZATION_LEVEL = "-Owholemodule";
				VALIDATE_PRODUCT = YES;
			};
			name = Release;
		};
		41AD08881F28D45C00354D00 /* Debug */ = {
			isa = XCBuildConfiguration;
			buildSettings = {
				ASSETCATALOG_COMPILER_APPICON_NAME = AppIcon;
				DEVELOPMENT_TEAM = GZN289VFL5;
				INFOPLIST_FILE = "Food Snap/Info.plist";
				LD_RUNPATH_SEARCH_PATHS = "$(inherited) @executable_path/Frameworks";
				PRODUCT_BUNDLE_IDENTIFIER = "com.Food-Snap";
				PRODUCT_NAME = "$(TARGET_NAME)";
				SWIFT_VERSION = 3.0;
			};
			name = Debug;
		};
		41AD08891F28D45C00354D00 /* Release */ = {
			isa = XCBuildConfiguration;
			buildSettings = {
				ASSETCATALOG_COMPILER_APPICON_NAME = AppIcon;
				DEVELOPMENT_TEAM = GZN289VFL5;
				INFOPLIST_FILE = "Food Snap/Info.plist";
				LD_RUNPATH_SEARCH_PATHS = "$(inherited) @executable_path/Frameworks";
				PRODUCT_BUNDLE_IDENTIFIER = "com.Food-Snap";
				PRODUCT_NAME = "$(TARGET_NAME)";
				SWIFT_VERSION = 3.0;
			};
			name = Release;
		};
/* End XCBuildConfiguration section */

/* Begin XCConfigurationList section */
		41AD08701F28D45B00354D00 /* Build configuration list for PBXProject "Food Snap" */ = {
			isa = XCConfigurationList;
			buildConfigurations = (
				41AD08851F28D45C00354D00 /* Debug */,
				41AD08861F28D45C00354D00 /* Release */,
			);
			defaultConfigurationIsVisible = 0;
			defaultConfigurationName = Release;
		};
		41AD08871F28D45C00354D00 /* Build configuration list for PBXNativeTarget "Food Snap" */ = {
			isa = XCConfigurationList;
			buildConfigurations = (
				41AD08881F28D45C00354D00 /* Debug */,
				41AD08891F28D45C00354D00 /* Release */,
			);
			defaultConfigurationIsVisible = 0;
		};
/* End XCConfigurationList section */
	};
	rootObject = 41AD086D1F28D45B00354D00 /* Project object */;
}
